// !$*UTF8*$!
{
	archiveVersion = 1;
	classes = {
	};
	objectVersion = 48;
	objects = {

/* Begin PBXBuildFile section */
		AF1873C320129CA70073711C /* AppDelegate.swift in Sources */ = {isa = PBXBuildFile; fileRef = AF1873C220129CA70073711C /* AppDelegate.swift */; };
		AF1873C820129CA70073711C /* Main.storyboard in Resources */ = {isa = PBXBuildFile; fileRef = AF1873C620129CA70073711C /* Main.storyboard */; };
		AF1873CA20129CA70073711C /* Assets.xcassets in Resources */ = {isa = PBXBuildFile; fileRef = AF1873C920129CA70073711C /* Assets.xcassets */; };
		AF1873CD20129CA70073711C /* LaunchScreen.storyboard in Resources */ = {isa = PBXBuildFile; fileRef = AF1873CB20129CA70073711C /* LaunchScreen.storyboard */; };
		AF1873D820129CA70073711C /* OnTheMapTests.swift in Sources */ = {isa = PBXBuildFile; fileRef = AF1873D720129CA70073711C /* OnTheMapTests.swift */; };
		AF1873E320129CA70073711C /* OnTheMapUITests.swift in Sources */ = {isa = PBXBuildFile; fileRef = AF1873E220129CA70073711C /* OnTheMapUITests.swift */; };
		AFC431BF20163BA9002FA72E /* CWMapViewController.swift in Sources */ = {isa = PBXBuildFile; fileRef = AFC431BE20163BA9002FA72E /* CWMapViewController.swift */; };
		AFC431C320163BC4002FA72E /* CWLoginViewController.swift in Sources */ = {isa = PBXBuildFile; fileRef = AFC431C220163BC4002FA72E /* CWLoginViewController.swift */; };
		AFC431C520163BDC002FA72E /* CWTableViewController.swift in Sources */ = {isa = PBXBuildFile; fileRef = AFC431C420163BDC002FA72E /* CWTableViewController.swift */; };
		AFC431C720163BF6002FA72E /* UdacityModel.swift in Sources */ = {isa = PBXBuildFile; fileRef = AFC431C620163BF6002FA72E /* UdacityModel.swift */; };
		AFC431C920163C05002FA72E /* ParseModel.swift in Sources */ = {isa = PBXBuildFile; fileRef = AFC431C820163C05002FA72E /* ParseModel.swift */; };
		AFC431CD20163E61002FA72E /* CWTableViewCell.swift in Sources */ = {isa = PBXBuildFile; fileRef = AFC431CC20163E61002FA72E /* CWTableViewCell.swift */; };
/* End PBXBuildFile section */

/* Begin PBXContainerItemProxy section */
		AF1873D420129CA70073711C /* PBXContainerItemProxy */ = {
			isa = PBXContainerItemProxy;
			containerPortal = AF1873B720129CA70073711C /* Project object */;
			proxyType = 1;
			remoteGlobalIDString = AF1873BE20129CA70073711C;
			remoteInfo = OnTheMap;
		};
		AF1873DF20129CA70073711C /* PBXContainerItemProxy */ = {
			isa = PBXContainerItemProxy;
			containerPortal = AF1873B720129CA70073711C /* Project object */;
			proxyType = 1;
			remoteGlobalIDString = AF1873BE20129CA70073711C;
			remoteInfo = OnTheMap;
		};
/* End PBXContainerItemProxy section */

/* Begin PBXFileReference section */
		AF1873BF20129CA70073711C /* OnTheMap.app */ = {isa = PBXFileReference; explicitFileType = wrapper.application; includeInIndex = 0; path = OnTheMap.app; sourceTree = BUILT_PRODUCTS_DIR; };
		AF1873C220129CA70073711C /* AppDelegate.swift */ = {isa = PBXFileReference; lastKnownFileType = sourcecode.swift; path = AppDelegate.swift; sourceTree = "<group>"; };
		AF1873C720129CA70073711C /* Base */ = {isa = PBXFileReference; lastKnownFileType = file.storyboard; name = Base; path = Base.lproj/Main.storyboard; sourceTree = "<group>"; };
		AF1873C920129CA70073711C /* Assets.xcassets */ = {isa = PBXFileReference; lastKnownFileType = folder.assetcatalog; path = Assets.xcassets; sourceTree = "<group>"; };
		AF1873CC20129CA70073711C /* Base */ = {isa = PBXFileReference; lastKnownFileType = file.storyboard; name = Base; path = Base.lproj/LaunchScreen.storyboard; sourceTree = "<group>"; };
		AF1873CE20129CA70073711C /* Info.plist */ = {isa = PBXFileReference; lastKnownFileType = text.plist.xml; path = Info.plist; sourceTree = "<group>"; };
		AF1873D320129CA70073711C /* OnTheMapTests.xctest */ = {isa = PBXFileReference; explicitFileType = wrapper.cfbundle; includeInIndex = 0; path = OnTheMapTests.xctest; sourceTree = BUILT_PRODUCTS_DIR; };
		AF1873D720129CA70073711C /* OnTheMapTests.swift */ = {isa = PBXFileReference; lastKnownFileType = sourcecode.swift; path = OnTheMapTests.swift; sourceTree = "<group>"; };
		AF1873D920129CA70073711C /* Info.plist */ = {isa = PBXFileReference; lastKnownFileType = text.plist.xml; path = Info.plist; sourceTree = "<group>"; };
		AF1873DE20129CA70073711C /* OnTheMapUITests.xctest */ = {isa = PBXFileReference; explicitFileType = wrapper.cfbundle; includeInIndex = 0; path = OnTheMapUITests.xctest; sourceTree = BUILT_PRODUCTS_DIR; };
		AF1873E220129CA70073711C /* OnTheMapUITests.swift */ = {isa = PBXFileReference; lastKnownFileType = sourcecode.swift; path = OnTheMapUITests.swift; sourceTree = "<group>"; };
		AF1873E420129CA70073711C /* Info.plist */ = {isa = PBXFileReference; lastKnownFileType = text.plist.xml; path = Info.plist; sourceTree = "<group>"; };
		AFC431BE20163BA9002FA72E /* CWMapViewController.swift */ = {isa = PBXFileReference; lastKnownFileType = sourcecode.swift; path = CWMapViewController.swift; sourceTree = "<group>"; };
		AFC431C220163BC4002FA72E /* CWLoginViewController.swift */ = {isa = PBXFileReference; lastKnownFileType = sourcecode.swift; path = CWLoginViewController.swift; sourceTree = "<group>"; };
		AFC431C420163BDC002FA72E /* CWTableViewController.swift */ = {isa = PBXFileReference; lastKnownFileType = sourcecode.swift; path = CWTableViewController.swift; sourceTree = "<group>"; };
		AFC431C620163BF6002FA72E /* UdacityModel.swift */ = {isa = PBXFileReference; lastKnownFileType = sourcecode.swift; path = UdacityModel.swift; sourceTree = "<group>"; };
		AFC431C820163C05002FA72E /* ParseModel.swift */ = {isa = PBXFileReference; lastKnownFileType = sourcecode.swift; path = ParseModel.swift; sourceTree = "<group>"; };
		AFC431CC20163E61002FA72E /* CWTableViewCell.swift */ = {isa = PBXFileReference; lastKnownFileType = sourcecode.swift; path = CWTableViewCell.swift; sourceTree = "<group>"; };
/* End PBXFileReference section */

/* Begin PBXFrameworksBuildPhase section */
		AF1873BC20129CA70073711C /* Frameworks */ = {
			isa = PBXFrameworksBuildPhase;
			buildActionMask = 2147483647;
			files = (
			);
			runOnlyForDeploymentPostprocessing = 0;
		};
		AF1873D020129CA70073711C /* Frameworks */ = {
			isa = PBXFrameworksBuildPhase;
			buildActionMask = 2147483647;
			files = (
			);
			runOnlyForDeploymentPostprocessing = 0;
		};
		AF1873DB20129CA70073711C /* Frameworks */ = {
			isa = PBXFrameworksBuildPhase;
			buildActionMask = 2147483647;
			files = (
			);
			runOnlyForDeploymentPostprocessing = 0;
		};
/* End PBXFrameworksBuildPhase section */

/* Begin PBXGroup section */
		AF1873B620129CA70073711C = {
			isa = PBXGroup;
			children = (
				AF1873C120129CA70073711C /* OnTheMap */,
				AF1873D620129CA70073711C /* OnTheMapTests */,
				AF1873E120129CA70073711C /* OnTheMapUITests */,
				AF1873C020129CA70073711C /* Products */,
			);
			sourceTree = "<group>";
		};
		AF1873C020129CA70073711C /* Products */ = {
			isa = PBXGroup;
			children = (
				AF1873BF20129CA70073711C /* OnTheMap.app */,
				AF1873D320129CA70073711C /* OnTheMapTests.xctest */,
				AF1873DE20129CA70073711C /* OnTheMapUITests.xctest */,
			);
			name = Products;
			sourceTree = "<group>";
		};
		AF1873C120129CA70073711C /* OnTheMap */ = {
			isa = PBXGroup;
			children = (
				AF1873C220129CA70073711C /* AppDelegate.swift */,
				AF1873C620129CA70073711C /* Main.storyboard */,
				AFC431CB20163C21002FA72E /* Controllers */,
				AFC431CA20163C0C002FA72E /* Model */,
				AF1873C920129CA70073711C /* Assets.xcassets */,
				AF1873CB20129CA70073711C /* LaunchScreen.storyboard */,
				AF1873CE20129CA70073711C /* Info.plist */,
			);
			path = OnTheMap;
			sourceTree = "<group>";
		};
		AF1873D620129CA70073711C /* OnTheMapTests */ = {
			isa = PBXGroup;
			children = (
				AF1873D720129CA70073711C /* OnTheMapTests.swift */,
				AF1873D920129CA70073711C /* Info.plist */,
			);
			path = OnTheMapTests;
			sourceTree = "<group>";
		};
		AF1873E120129CA70073711C /* OnTheMapUITests */ = {
			isa = PBXGroup;
			children = (
				AF1873E220129CA70073711C /* OnTheMapUITests.swift */,
				AF1873E420129CA70073711C /* Info.plist */,
			);
			path = OnTheMapUITests;
			sourceTree = "<group>";
		};
		AFC431CA20163C0C002FA72E /* Model */ = {
			isa = PBXGroup;
			children = (
				AFC431C620163BF6002FA72E /* UdacityModel.swift */,
				AFC431C820163C05002FA72E /* ParseModel.swift */,
			);
			path = Model;
			sourceTree = "<group>";
		};
		AFC431CB20163C21002FA72E /* Controllers */ = {
			isa = PBXGroup;
			children = (
				AFC431C220163BC4002FA72E /* CWLoginViewController.swift */,
				AFC431BE20163BA9002FA72E /* CWMapViewController.swift */,
				AFC431C420163BDC002FA72E /* CWTableViewController.swift */,
				AFC431CE20163E69002FA72E /* Cell */,
			);
			path = Controllers;
			sourceTree = "<group>";
		};
		AFC431CE20163E69002FA72E /* Cell */ = {
			isa = PBXGroup;
			children = (
				AFC431CC20163E61002FA72E /* CWTableViewCell.swift */,
			);
			path = Cell;
			sourceTree = "<group>";
		};
/* End PBXGroup section */

/* Begin PBXNativeTarget section */
		AF1873BE20129CA70073711C /* OnTheMap */ = {
			isa = PBXNativeTarget;
			buildConfigurationList = AF1873E720129CA70073711C /* Build configuration list for PBXNativeTarget "OnTheMap" */;
			buildPhases = (
				AF1873BB20129CA70073711C /* Sources */,
				AF1873BC20129CA70073711C /* Frameworks */,
				AF1873BD20129CA70073711C /* Resources */,
			);
			buildRules = (
			);
			dependencies = (
			);
			name = OnTheMap;
			productName = OnTheMap;
			productReference = AF1873BF20129CA70073711C /* OnTheMap.app */;
			productType = "com.apple.product-type.application";
		};
		AF1873D220129CA70073711C /* OnTheMapTests */ = {
			isa = PBXNativeTarget;
			buildConfigurationList = AF1873EA20129CA70073711C /* Build configuration list for PBXNativeTarget "OnTheMapTests" */;
			buildPhases = (
				AF1873CF20129CA70073711C /* Sources */,
				AF1873D020129CA70073711C /* Frameworks */,
				AF1873D120129CA70073711C /* Resources */,
			);
			buildRules = (
			);
			dependencies = (
				AF1873D520129CA70073711C /* PBXTargetDependency */,
			);
			name = OnTheMapTests;
			productName = OnTheMapTests;
			productReference = AF1873D320129CA70073711C /* OnTheMapTests.xctest */;
			productType = "com.apple.product-type.bundle.unit-test";
		};
		AF1873DD20129CA70073711C /* OnTheMapUITests */ = {
			isa = PBXNativeTarget;
			buildConfigurationList = AF1873ED20129CA70073711C /* Build configuration list for PBXNativeTarget "OnTheMapUITests" */;
			buildPhases = (
				AF1873DA20129CA70073711C /* Sources */,
				AF1873DB20129CA70073711C /* Frameworks */,
				AF1873DC20129CA70073711C /* Resources */,
			);
			buildRules = (
			);
			dependencies = (
				AF1873E020129CA70073711C /* PBXTargetDependency */,
			);
			name = OnTheMapUITests;
			productName = OnTheMapUITests;
			productReference = AF1873DE20129CA70073711C /* OnTheMapUITests.xctest */;
			productType = "com.apple.product-type.bundle.ui-testing";
		};
/* End PBXNativeTarget section */

/* Begin PBXProject section */
		AF1873B720129CA70073711C /* Project object */ = {
			isa = PBXProject;
			attributes = {
				LastSwiftUpdateCheck = 0920;
				LastUpgradeCheck = 0920;
				ORGANIZATIONNAME = "Colin Walsh";
				TargetAttributes = {
					AF1873BE20129CA70073711C = {
						CreatedOnToolsVersion = 9.2;
						ProvisioningStyle = Automatic;
					};
					AF1873D220129CA70073711C = {
						CreatedOnToolsVersion = 9.2;
						ProvisioningStyle = Automatic;
						TestTargetID = AF1873BE20129CA70073711C;
					};
					AF1873DD20129CA70073711C = {
						CreatedOnToolsVersion = 9.2;
						ProvisioningStyle = Automatic;
						TestTargetID = AF1873BE20129CA70073711C;
					};
				};
			};
			buildConfigurationList = AF1873BA20129CA70073711C /* Build configuration list for PBXProject "OnTheMap" */;
			compatibilityVersion = "Xcode 8.0";
			developmentRegion = en;
			hasScannedForEncodings = 0;
			knownRegions = (
				en,
				Base,
			);
			mainGroup = AF1873B620129CA70073711C;
			productRefGroup = AF1873C020129CA70073711C /* Products */;
			projectDirPath = "";
			projectRoot = "";
			targets = (
				AF1873BE20129CA70073711C /* OnTheMap */,
				AF1873D220129CA70073711C /* OnTheMapTests */,
				AF1873DD20129CA70073711C /* OnTheMapUITests */,
			);
		};
/* End PBXProject section */

/* Begin PBXResourcesBuildPhase section */
		AF1873BD20129CA70073711C /* Resources */ = {
			isa = PBXResourcesBuildPhase;
			buildActionMask = 2147483647;
			files = (
				AF1873CD20129CA70073711C /* LaunchScreen.storyboard in Resources */,
				AF1873CA20129CA70073711C /* Assets.xcassets in Resources */,
				AF1873C820129CA70073711C /* Main.storyboard in Resources */,
			);
			runOnlyForDeploymentPostprocessing = 0;
		};
		AF1873D120129CA70073711C /* Resources */ = {
			isa = PBXResourcesBuildPhase;
			buildActionMask = 2147483647;
			files = (
			);
			runOnlyForDeploymentPostprocessing = 0;
		};
		AF1873DC20129CA70073711C /* Resources */ = {
			isa = PBXResourcesBuildPhase;
			buildActionMask = 2147483647;
			files = (
			);
			runOnlyForDeploymentPostprocessing = 0;
		};
/* End PBXResourcesBuildPhase section */

/* Begin PBXSourcesBuildPhase section */
		AF1873BB20129CA70073711C /* Sources */ = {
			isa = PBXSourcesBuildPhase;
			buildActionMask = 2147483647;
			files = (
				AFC431C720163BF6002FA72E /* UdacityModel.swift in Sources */,
				AFC431C920163C05002FA72E /* ParseModel.swift in Sources */,
				AFC431C320163BC4002FA72E /* CWLoginViewController.swift in Sources */,
				AF1873C320129CA70073711C /* AppDelegate.swift in Sources */,
				AFC431CD20163E61002FA72E /* CWTableViewCell.swift in Sources */,
				AFC431BF20163BA9002FA72E /* CWMapViewController.swift in Sources */,
				AFC431C520163BDC002FA72E /* CWTableViewController.swift in Sources */,
			);
			runOnlyForDeploymentPostprocessing = 0;
		};
		AF1873CF20129CA70073711C /* Sources */ = {
			isa = PBXSourcesBuildPhase;
			buildActionMask = 2147483647;
			files = (
				AF1873D820129CA70073711C /* OnTheMapTests.swift in Sources */,
			);
			runOnlyForDeploymentPostprocessing = 0;
		};
		AF1873DA20129CA70073711C /* Sources */ = {
			isa = PBXSourcesBuildPhase;
			buildActionMask = 2147483647;
			files = (
				AF1873E320129CA70073711C /* OnTheMapUITests.swift in Sources */,
			);
			runOnlyForDeploymentPostprocessing = 0;
		};
/* End PBXSourcesBuildPhase section */

/* Begin PBXTargetDependency section */
		AF1873D520129CA70073711C /* PBXTargetDependency */ = {
			isa = PBXTargetDependency;
			target = AF1873BE20129CA70073711C /* OnTheMap */;
			targetProxy = AF1873D420129CA70073711C /* PBXContainerItemProxy */;
		};
		AF1873E020129CA70073711C /* PBXTargetDependency */ = {
			isa = PBXTargetDependency;
			target = AF1873BE20129CA70073711C /* OnTheMap */;
			targetProxy = AF1873DF20129CA70073711C /* PBXContainerItemProxy */;
		};
/* End PBXTargetDependency section */

/* Begin PBXVariantGroup section */
		AF1873C620129CA70073711C /* Main.storyboard */ = {
			isa = PBXVariantGroup;
			children = (
				AF1873C720129CA70073711C /* Base */,
			);
			name = Main.storyboard;
			sourceTree = "<group>";
		};
		AF1873CB20129CA70073711C /* LaunchScreen.storyboard */ = {
			isa = PBXVariantGroup;
			children = (
				AF1873CC20129CA70073711C /* Base */,
			);
			name = LaunchScreen.storyboard;
			sourceTree = "<group>";
		};
/* End PBXVariantGroup section */

/* Begin XCBuildConfiguration section */
		AF1873E520129CA70073711C /* Debug */ = {
			isa = XCBuildConfiguration;
			buildSettings = {
				ALWAYS_SEARCH_USER_PATHS = NO;
				CLANG_ANALYZER_NONNULL = YES;
				CLANG_ANALYZER_NUMBER_OBJECT_CONVERSION = YES_AGGRESSIVE;
				CLANG_CXX_LANGUAGE_STANDARD = "gnu++14";
				CLANG_CXX_LIBRARY = "libc++";
				CLANG_ENABLE_MODULES = YES;
				CLANG_ENABLE_OBJC_ARC = YES;
				CLANG_WARN_BLOCK_CAPTURE_AUTORELEASING = YES;
				CLANG_WARN_BOOL_CONVERSION = YES;
				CLANG_WARN_COMMA = YES;
				CLANG_WARN_CONSTANT_CONVERSION = YES;
				CLANG_WARN_DIRECT_OBJC_ISA_USAGE = YES_ERROR;
				CLANG_WARN_DOCUMENTATION_COMMENTS = YES;
				CLANG_WARN_EMPTY_BODY = YES;
				CLANG_WARN_ENUM_CONVERSION = YES;
				CLANG_WARN_INFINITE_RECURSION = YES;
				CLANG_WARN_INT_CONVERSION = YES;
				CLANG_WARN_NON_LITERAL_NULL_CONVERSION = YES;
				CLANG_WARN_OBJC_LITERAL_CONVERSION = YES;
				CLANG_WARN_OBJC_ROOT_CLASS = YES_ERROR;
				CLANG_WARN_RANGE_LOOP_ANALYSIS = YES;
				CLANG_WARN_STRICT_PROTOTYPES = YES;
				CLANG_WARN_SUSPICIOUS_MOVE = YES;
				CLANG_WARN_UNGUARDED_AVAILABILITY = YES_AGGRESSIVE;
				CLANG_WARN_UNREACHABLE_CODE = YES;
				CLANG_WARN__DUPLICATE_METHOD_MATCH = YES;
				CODE_SIGN_IDENTITY = "iPhone Developer";
				COPY_PHASE_STRIP = NO;
				DEBUG_INFORMATION_FORMAT = dwarf;
				ENABLE_STRICT_OBJC_MSGSEND = YES;
				ENABLE_TESTABILITY = YES;
				GCC_C_LANGUAGE_STANDARD = gnu11;
				GCC_DYNAMIC_NO_PIC = NO;
				GCC_NO_COMMON_BLOCKS = YES;
				GCC_OPTIMIZATION_LEVEL = 0;
				GCC_PREPROCESSOR_DEFINITIONS = (
					"DEBUG=1",
					"$(inherited)",
				);
				GCC_WARN_64_TO_32_BIT_CONVERSION = YES;
				GCC_WARN_ABOUT_RETURN_TYPE = YES_ERROR;
				GCC_WARN_UNDECLARED_SELECTOR = YES;
				GCC_WARN_UNINITIALIZED_AUTOS = YES_AGGRESSIVE;
				GCC_WARN_UNUSED_FUNCTION = YES;
				GCC_WARN_UNUSED_VARIABLE = YES;
				IPHONEOS_DEPLOYMENT_TARGET = 11.2;
				MTL_ENABLE_DEBUG_INFO = YES;
				ONLY_ACTIVE_ARCH = YES;
				SDKROOT = iphoneos;
				SWIFT_ACTIVE_COMPILATION_CONDITIONS = DEBUG;
				SWIFT_OPTIMIZATION_LEVEL = "-Onone";
			};
			name = Debug;
		};
		AF1873E620129CA70073711C /* Release */ = {
			isa = XCBuildConfiguration;
			buildSettings = {
				ALWAYS_SEARCH_USER_PATHS = NO;
				CLANG_ANALYZER_NONNULL = YES;
				CLANG_ANALYZER_NUMBER_OBJECT_CONVERSION = YES_AGGRESSIVE;
				CLANG_CXX_LANGUAGE_STANDARD = "gnu++14";
				CLANG_CXX_LIBRARY = "libc++";
				CLANG_ENABLE_MODULES = YES;
				CLANG_ENABLE_OBJC_ARC = YES;
				CLANG_WARN_BLOCK_CAPTURE_AUTORELEASING = YES;
				CLANG_WARN_BOOL_CONVERSION = YES;
				CLANG_WARN_COMMA = YES;
				CLANG_WARN_CONSTANT_CONVERSION = YES;
				CLANG_WARN_DIRECT_OBJC_ISA_USAGE = YES_ERROR;
				CLANG_WARN_DOCUMENTATION_COMMENTS = YES;
				CLANG_WARN_EMPTY_BODY = YES;
				CLANG_WARN_ENUM_CONVERSION = YES;
				CLANG_WARN_INFINITE_RECURSION = YES;
				CLANG_WARN_INT_CONVERSION = YES;
				CLANG_WARN_NON_LITERAL_NULL_CONVERSION = YES;
				CLANG_WARN_OBJC_LITERAL_CONVERSION = YES;
				CLANG_WARN_OBJC_ROOT_CLASS = YES_ERROR;
				CLANG_WARN_RANGE_LOOP_ANALYSIS = YES;
				CLANG_WARN_STRICT_PROTOTYPES = YES;
				CLANG_WARN_SUSPICIOUS_MOVE = YES;
				CLANG_WARN_UNGUARDED_AVAILABILITY = YES_AGGRESSIVE;
				CLANG_WARN_UNREACHABLE_CODE = YES;
				CLANG_WARN__DUPLICATE_METHOD_MATCH = YES;
				CODE_SIGN_IDENTITY = "iPhone Developer";
				COPY_PHASE_STRIP = NO;
				DEBUG_INFORMATION_FORMAT = "dwarf-with-dsym";
				ENABLE_NS_ASSERTIONS = NO;
				ENABLE_STRICT_OBJC_MSGSEND = YES;
				GCC_C_LANGUAGE_STANDARD = gnu11;
				GCC_NO_COMMON_BLOCKS = YES;
				GCC_WARN_64_TO_32_BIT_CONVERSION = YES;
				GCC_WARN_ABOUT_RETURN_TYPE = YES_ERROR;
				GCC_WARN_UNDECLARED_SELECTOR = YES;
				GCC_WARN_UNINITIALIZED_AUTOS = YES_AGGRESSIVE;
				GCC_WARN_UNUSED_FUNCTION = YES;
				GCC_WARN_UNUSED_VARIABLE = YES;
				IPHONEOS_DEPLOYMENT_TARGET = 11.2;
				MTL_ENABLE_DEBUG_INFO = NO;
				SDKROOT = iphoneos;
				SWIFT_OPTIMIZATION_LEVEL = "-Owholemodule";
				VALIDATE_PRODUCT = YES;
			};
			name = Release;
		};
		AF1873E820129CA70073711C /* Debug */ = {
			isa = XCBuildConfiguration;
			buildSettings = {
				ASSETCATALOG_COMPILER_APPICON_NAME = AppIcon;
				CODE_SIGN_STYLE = Automatic;
				DEVELOPMENT_TEAM = Q844VW9UW4;
				INFOPLIST_FILE = OnTheMap/Info.plist;
				LD_RUNPATH_SEARCH_PATHS = "$(inherited) @executable_path/Frameworks";
				PRODUCT_BUNDLE_IDENTIFIER = CDrop.OnTheMap;
				PRODUCT_NAME = "$(TARGET_NAME)";
				SWIFT_VERSION = 4.0;
				TARGETED_DEVICE_FAMILY = "1,2";
			};
			name = Debug;
		};
		AF1873E920129CA70073711C /* Release */ = {
			isa = XCBuildConfiguration;
			buildSettings = {
				ASSETCATALOG_COMPILER_APPICON_NAME = AppIcon;
				CODE_SIGN_STYLE = Automatic;
				DEVELOPMENT_TEAM = Q844VW9UW4;
				INFOPLIST_FILE = OnTheMap/Info.plist;
				LD_RUNPATH_SEARCH_PATHS = "$(inherited) @executable_path/Frameworks";
				PRODUCT_BUNDLE_IDENTIFIER = CDrop.OnTheMap;
				PRODUCT_NAME = "$(TARGET_NAME)";
				SWIFT_VERSION = 4.0;
				TARGETED_DEVICE_FAMILY = "1,2";
			};
			name = Release;
		};
		AF1873EB20129CA70073711C /* Debug */ = {
			isa = XCBuildConfiguration;
			buildSettings = {
				ALWAYS_EMBED_SWIFT_STANDARD_LIBRARIES = YES;
				BUNDLE_LOADER = "$(TEST_HOST)";
				CODE_SIGN_STYLE = Automatic;
				DEVELOPMENT_TEAM = Q844VW9UW4;
				INFOPLIST_FILE = OnTheMapTests/Info.plist;
				LD_RUNPATH_SEARCH_PATHS = "$(inherited) @executable_path/Frameworks @loader_path/Frameworks";
				PRODUCT_BUNDLE_IDENTIFIER = CDrop.OnTheMapTests;
				PRODUCT_NAME = "$(TARGET_NAME)";
				SWIFT_VERSION = 4.0;
				TARGETED_DEVICE_FAMILY = "1,2";
				TEST_HOST = "$(BUILT_PRODUCTS_DIR)/OnTheMap.app/OnTheMap";
			};
			name = Debug;
		};
		AF1873EC20129CA70073711C /* Release */ = {
			isa = XCBuildConfiguration;
			buildSettings = {
				ALWAYS_EMBED_SWIFT_STANDARD_LIBRARIES = YES;
				BUNDLE_LOADER = "$(TEST_HOST)";
				CODE_SIGN_STYLE = Automatic;
				DEVELOPMENT_TEAM = Q844VW9UW4;
				INFOPLIST_FILE = OnTheMapTests/Info.plist;
				LD_RUNPATH_SEARCH_PATHS = "$(inherited) @executable_path/Frameworks @loader_path/Frameworks";
				PRODUCT_BUNDLE_IDENTIFIER = CDrop.OnTheMapTests;
				PRODUCT_NAME = "$(TARGET_NAME)";
				SWIFT_VERSION = 4.0;
				TARGETED_DEVICE_FAMILY = "1,2";
				TEST_HOST = "$(BUILT_PRODUCTS_DIR)/OnTheMap.app/OnTheMap";
			};
			name = Release;
		};
		AF1873EE20129CA70073711C /* Debug */ = {
			isa = XCBuildConfiguration;
			buildSettings = {
				ALWAYS_EMBED_SWIFT_STANDARD_LIBRARIES = YES;
				CODE_SIGN_STYLE = Automatic;
				DEVELOPMENT_TEAM = Q844VW9UW4;
				INFOPLIST_FILE = OnTheMapUITests/Info.plist;
				LD_RUNPATH_SEARCH_PATHS = "$(inherited) @executable_path/Frameworks @loader_path/Frameworks";
				PRODUCT_BUNDLE_IDENTIFIER = CDrop.OnTheMapUITests;
				PRODUCT_NAME = "$(TARGET_NAME)";
				SWIFT_VERSION = 4.0;
				TARGETED_DEVICE_FAMILY = "1,2";
				TEST_TARGET_NAME = OnTheMap;
			};
			name = Debug;
		};
		AF1873EF20129CA70073711C /* Release */ = {
			isa = XCBuildConfiguration;
			buildSettings = {
				ALWAYS_EMBED_SWIFT_STANDARD_LIBRARIES = YES;
				CODE_SIGN_STYLE = Automatic;
				DEVELOPMENT_TEAM = Q844VW9UW4;
				INFOPLIST_FILE = OnTheMapUITests/Info.plist;
				LD_RUNPATH_SEARCH_PATHS = "$(inherited) @executable_path/Frameworks @loader_path/Frameworks";
				PRODUCT_BUNDLE_IDENTIFIER = CDrop.OnTheMapUITests;
				PRODUCT_NAME = "$(TARGET_NAME)";
				SWIFT_VERSION = 4.0;
				TARGETED_DEVICE_FAMILY = "1,2";
				TEST_TARGET_NAME = OnTheMap;
			};
			name = Release;
		};
/* End XCBuildConfiguration section */

/* Begin XCConfigurationList section */
		AF1873BA20129CA70073711C /* Build configuration list for PBXProject "OnTheMap" */ = {
			isa = XCConfigurationList;
			buildConfigurations = (
				AF1873E520129CA70073711C /* Debug */,
				AF1873E620129CA70073711C /* Release */,
			);
			defaultConfigurationIsVisible = 0;
			defaultConfigurationName = Release;
		};
		AF1873E720129CA70073711C /* Build configuration list for PBXNativeTarget "OnTheMap" */ = {
			isa = XCConfigurationList;
			buildConfigurations = (
				AF1873E820129CA70073711C /* Debug */,
				AF1873E920129CA70073711C /* Release */,
			);
			defaultConfigurationIsVisible = 0;
			defaultConfigurationName = Release;
		};
		AF1873EA20129CA70073711C /* Build configuration list for PBXNativeTarget "OnTheMapTests" */ = {
			isa = XCConfigurationList;
			buildConfigurations = (
				AF1873EB20129CA70073711C /* Debug */,
				AF1873EC20129CA70073711C /* Release */,
			);
			defaultConfigurationIsVisible = 0;
			defaultConfigurationName = Release;
		};
		AF1873ED20129CA70073711C /* Build configuration list for PBXNativeTarget "OnTheMapUITests" */ = {
			isa = XCConfigurationList;
			buildConfigurations = (
				AF1873EE20129CA70073711C /* Debug */,
				AF1873EF20129CA70073711C /* Release */,
			);
			defaultConfigurationIsVisible = 0;
			defaultConfigurationName = Release;
		};
/* End XCConfigurationList section */
	};
	rootObject = AF1873B720129CA70073711C /* Project object */;
}
